// !$*UTF8*$!
{
	archiveVersion = 1;
	classes = {
	};
	objectVersion = 55;
	objects = {

/* Begin PBXBuildFile section */
		584B15CD290EDF0F00409910 /* Weather.swift in Sources */ = {isa = PBXBuildFile; fileRef = 584B15CC290EDF0F00409910 /* Weather.swift */; };
		584B15D1290EE32800409910 /* SearchWeatherUseCase.swift in Sources */ = {isa = PBXBuildFile; fileRef = 584B15D0290EE32800409910 /* SearchWeatherUseCase.swift */; };
		584B15D3290EE37E00409910 /* WeatherQuery.swift in Sources */ = {isa = PBXBuildFile; fileRef = 584B15D2290EE37E00409910 /* WeatherQuery.swift */; };
		584B15D6290EE42500409910 /* Cancellable.swift in Sources */ = {isa = PBXBuildFile; fileRef = 584B15D5290EE42500409910 /* Cancellable.swift */; };
		584B15D8290EE4B800409910 /* WeatherRepository.swift in Sources */ = {isa = PBXBuildFile; fileRef = 584B15D7290EE4B800409910 /* WeatherRepository.swift */; };
		584B15DA290EE53000409910 /* WeatherQueriesRepository.swift in Sources */ = {isa = PBXBuildFile; fileRef = 584B15D9290EE53000409910 /* WeatherQueriesRepository.swift */; };
		58A724A8290E10DD004F33E3 /* WeatherTableViewController.swift in Sources */ = {isa = PBXBuildFile; fileRef = 58A724A7290E10DD004F33E3 /* WeatherTableViewController.swift */; };
		58A724AA290E1A3E004F33E3 /* WeatherTableViewCell.swift in Sources */ = {isa = PBXBuildFile; fileRef = 58A724A9290E1A3E004F33E3 /* WeatherTableViewCell.swift */; };
		58A724AD290E2918004F33E3 /* AppDIContainer.swift in Sources */ = {isa = PBXBuildFile; fileRef = 58A724AC290E2918004F33E3 /* AppDIContainer.swift */; };
		58A724AF290E2940004F33E3 /* AppConfigurations.swift in Sources */ = {isa = PBXBuildFile; fileRef = 58A724AE290E2940004F33E3 /* AppConfigurations.swift */; };
		58A724B1290E2AB9004F33E3 /* AppApperance.swift in Sources */ = {isa = PBXBuildFile; fileRef = 58A724B0290E2AB9004F33E3 /* AppApperance.swift */; };
		58A724B3290E2B36004F33E3 /* AppFlowCoordinator.swift in Sources */ = {isa = PBXBuildFile; fileRef = 58A724B2290E2B36004F33E3 /* AppFlowCoordinator.swift */; };
		58A724B5290E3F2E004F33E3 /* WeatherSceneDIContainer.swift in Sources */ = {isa = PBXBuildFile; fileRef = 58A724B4290E3F2E004F33E3 /* WeatherSceneDIContainer.swift */; };
		58A724B8290E43BF004F33E3 /* WeatherSearchFlowCoordinator.swift in Sources */ = {isa = PBXBuildFile; fileRef = 58A724B7290E43BF004F33E3 /* WeatherSearchFlowCoordinator.swift */; };
		58A724BB290E4646004F33E3 /* StoryboardInstantiable.swift in Sources */ = {isa = PBXBuildFile; fileRef = 58A724BA290E4646004F33E3 /* StoryboardInstantiable.swift */; };
		58B3BA8728F46F48004BB094 /* AppDelegate.swift in Sources */ = {isa = PBXBuildFile; fileRef = 58B3BA8628F46F48004BB094 /* AppDelegate.swift */; };
		58B3BA8B28F46F48004BB094 /* HomeViewController.swift in Sources */ = {isa = PBXBuildFile; fileRef = 58B3BA8A28F46F48004BB094 /* HomeViewController.swift */; };
		58B3BA8E28F46F48004BB094 /* HomeViewController.storyboard in Resources */ = {isa = PBXBuildFile; fileRef = 58B3BA8C28F46F48004BB094 /* HomeViewController.storyboard */; };
		58B3BA9028F46F4A004BB094 /* Assets.xcassets in Resources */ = {isa = PBXBuildFile; fileRef = 58B3BA8F28F46F4A004BB094 /* Assets.xcassets */; };
		58B3BA9328F46F4A004BB094 /* LaunchScreen.storyboard in Resources */ = {isa = PBXBuildFile; fileRef = 58B3BA9128F46F4A004BB094 /* LaunchScreen.storyboard */; };
		58B3BAA828F46F4A004BB094 /* BaseCleanMVVMUITests.swift in Sources */ = {isa = PBXBuildFile; fileRef = 58B3BAA728F46F4A004BB094 /* BaseCleanMVVMUITests.swift */; };
		58B3BAAA28F46F4A004BB094 /* BaseCleanMVVMUITestsLaunchTests.swift in Sources */ = {isa = PBXBuildFile; fileRef = 58B3BAA928F46F4A004BB094 /* BaseCleanMVVMUITestsLaunchTests.swift */; };
		58B4B2FF2914A59500440A20 /* FetchRecentWeatherQueriesUseCase.swift in Sources */ = {isa = PBXBuildFile; fileRef = 58B4B2FE2914A59500440A20 /* FetchRecentWeatherQueriesUseCase.swift */; };
		58B4B3012914A73800440A20 /* UseCase.swift in Sources */ = {isa = PBXBuildFile; fileRef = 58B4B3002914A73800440A20 /* UseCase.swift */; };
		58B4B3032914A7BC00440A20 /* ConnectionError.swift in Sources */ = {isa = PBXBuildFile; fileRef = 58B4B3022914A7BC00440A20 /* ConnectionError.swift */; };
		58B4B3072914A9D500440A20 /* NetworkConfig.swift in Sources */ = {isa = PBXBuildFile; fileRef = 58B4B3062914A9D500440A20 /* NetworkConfig.swift */; };
		58B4B30C2914AAE600440A20 /* NetworkConfigurableMock.swift in Sources */ = {isa = PBXBuildFile; fileRef = 58B4B30B2914AAE600440A20 /* NetworkConfigurableMock.swift */; };
		58B4B30E2914AC0300440A20 /* DataTransferService.swift in Sources */ = {isa = PBXBuildFile; fileRef = 58B4B30D2914AC0300440A20 /* DataTransferService.swift */; };
		58B4B3102914AC3700440A20 /* NetworkService.swift in Sources */ = {isa = PBXBuildFile; fileRef = 58B4B30F2914AC3700440A20 /* NetworkService.swift */; };
		58B4B3122914ACB900440A20 /* Endpoint.swift in Sources */ = {isa = PBXBuildFile; fileRef = 58B4B3112914ACB900440A20 /* Endpoint.swift */; };
		58B4B3142914B13100440A20 /* NetworkSessionManagerMock.swift in Sources */ = {isa = PBXBuildFile; fileRef = 58B4B3132914B13100440A20 /* NetworkSessionManagerMock.swift */; };
		58B4B3162914B18D00440A20 /* NetworkServiceTests.swift in Sources */ = {isa = PBXBuildFile; fileRef = 58B4B3152914B18D00440A20 /* NetworkServiceTests.swift */; };
		58B4B3182914B3A400440A20 /* DataTransferServiceTests.swift in Sources */ = {isa = PBXBuildFile; fileRef = 58B4B3172914B3A400440A20 /* DataTransferServiceTests.swift */; };
		58B4B31A2914BBBE00440A20 /* WeatherListItemViewModel.swift in Sources */ = {isa = PBXBuildFile; fileRef = 58B4B3192914BBBE00440A20 /* WeatherListItemViewModel.swift */; };
		58B4B31C2914BBC900440A20 /* WeatherListViewModel.swift in Sources */ = {isa = PBXBuildFile; fileRef = 58B4B31B2914BBC900440A20 /* WeatherListViewModel.swift */; };
		58B4B31E2914C0C000440A20 /* Observable.swift in Sources */ = {isa = PBXBuildFile; fileRef = 58B4B31D2914C0C000440A20 /* Observable.swift */; };
		58D90E4D2918248A00E8EF00 /* UIViewController+ActivityIndicator.swift in Sources */ = {isa = PBXBuildFile; fileRef = 58D90E4C2918248A00E8EF00 /* UIViewController+ActivityIndicator.swift */; };
		58D90E4F291824C800E8EF00 /* UIViewController+AddChild.swift in Sources */ = {isa = PBXBuildFile; fileRef = 58D90E4E291824C800E8EF00 /* UIViewController+AddChild.swift */; };
		58D90E51291827B000E8EF00 /* Alertable.swift in Sources */ = {isa = PBXBuildFile; fileRef = 58D90E50291827B000E8EF00 /* Alertable.swift */; };
		58D90E532918695300E8EF00 /* LoadingView.swift in Sources */ = {isa = PBXBuildFile; fileRef = 58D90E522918695300E8EF00 /* LoadingView.swift */; };
		58D90E5629186E6C00E8EF00 /* DefaultWeatherRepository.swift in Sources */ = {isa = PBXBuildFile; fileRef = 58D90E5529186E6C00E8EF00 /* DefaultWeatherRepository.swift */; };
		58D90E5829186EF400E8EF00 /* RepositoryTask.swift in Sources */ = {isa = PBXBuildFile; fileRef = 58D90E5729186EF400E8EF00 /* RepositoryTask.swift */; };
		58D90E5A29186F9300E8EF00 /* DefaultWeatherQueriesRepository.swift in Sources */ = {isa = PBXBuildFile; fileRef = 58D90E5929186F9300E8EF00 /* DefaultWeatherQueriesRepository.swift */; };
		58D90E5D2918811300E8EF00 /* SearchWeatherUseCaseTests.swift in Sources */ = {isa = PBXBuildFile; fileRef = 58D90E5C2918811300E8EF00 /* SearchWeatherUseCaseTests.swift */; };
		58D90E60291881FE00E8EF00 /* Mock+Stub.swift in Sources */ = {isa = PBXBuildFile; fileRef = 58D90E5F291881FE00E8EF00 /* Mock+Stub.swift */; };
		58D90E6329188D9600E8EF00 /* WeatherListViewModelTests.swift in Sources */ = {isa = PBXBuildFile; fileRef = 58D90E6229188D9600E8EF00 /* WeatherListViewModelTests.swift */; };
		58D90E652918921900E8EF00 /* WeatherQueriesListViewModelTests.swift in Sources */ = {isa = PBXBuildFile; fileRef = 58D90E642918921900E8EF00 /* WeatherQueriesListViewModelTests.swift */; };
		58D90E6A2918936B00E8EF00 /* WeatherQueriesItemCell.swift in Sources */ = {isa = PBXBuildFile; fileRef = 58D90E692918936B00E8EF00 /* WeatherQueriesItemCell.swift */; };
		58D90E6C2918939600E8EF00 /* WeatherQueryListItemViewModel.swift in Sources */ = {isa = PBXBuildFile; fileRef = 58D90E6B2918939600E8EF00 /* WeatherQueryListItemViewModel.swift */; };
		58D90E6E291893C800E8EF00 /* WeatherQueryListViewModel.swift in Sources */ = {isa = PBXBuildFile; fileRef = 58D90E6D291893C800E8EF00 /* WeatherQueryListViewModel.swift */; };
		58D90E702918960800E8EF00 /* WeatherQueriesTableViewController.swift in Sources */ = {isa = PBXBuildFile; fileRef = 58D90E6F2918960800E8EF00 /* WeatherQueriesTableViewController.swift */; };
		58D90E722918962400E8EF00 /* WeatherQueriesTableViewController.storyboard in Resources */ = {isa = PBXBuildFile; fileRef = 58D90E712918962400E8EF00 /* WeatherQueriesTableViewController.storyboard */; };
/* End PBXBuildFile section */

/* Begin PBXContainerItemProxy section */
		58B3BA9A28F46F4A004BB094 /* PBXContainerItemProxy */ = {
			isa = PBXContainerItemProxy;
			containerPortal = 58B3BA7B28F46F48004BB094 /* Project object */;
			proxyType = 1;
			remoteGlobalIDString = 58B3BA8228F46F48004BB094;
			remoteInfo = BaseCleanMVVM;
		};
		58B3BAA428F46F4A004BB094 /* PBXContainerItemProxy */ = {
			isa = PBXContainerItemProxy;
			containerPortal = 58B3BA7B28F46F48004BB094 /* Project object */;
			proxyType = 1;
			remoteGlobalIDString = 58B3BA8228F46F48004BB094;
			remoteInfo = BaseCleanMVVM;
		};
/* End PBXContainerItemProxy section */

/* Begin PBXFileReference section */
		584B15CC290EDF0F00409910 /* Weather.swift */ = {isa = PBXFileReference; lastKnownFileType = sourcecode.swift; path = Weather.swift; sourceTree = "<group>"; };
		584B15D0290EE32800409910 /* SearchWeatherUseCase.swift */ = {isa = PBXFileReference; lastKnownFileType = sourcecode.swift; path = SearchWeatherUseCase.swift; sourceTree = "<group>"; };
		584B15D2290EE37E00409910 /* WeatherQuery.swift */ = {isa = PBXFileReference; lastKnownFileType = sourcecode.swift; path = WeatherQuery.swift; sourceTree = "<group>"; };
		584B15D5290EE42500409910 /* Cancellable.swift */ = {isa = PBXFileReference; lastKnownFileType = sourcecode.swift; path = Cancellable.swift; sourceTree = "<group>"; };
		584B15D7290EE4B800409910 /* WeatherRepository.swift */ = {isa = PBXFileReference; lastKnownFileType = sourcecode.swift; path = WeatherRepository.swift; sourceTree = "<group>"; };
		584B15D9290EE53000409910 /* WeatherQueriesRepository.swift */ = {isa = PBXFileReference; lastKnownFileType = sourcecode.swift; path = WeatherQueriesRepository.swift; sourceTree = "<group>"; };
		58830E25290DC707005F070E /* Info.plist */ = {isa = PBXFileReference; fileEncoding = 4; lastKnownFileType = text.plist.xml; path = Info.plist; sourceTree = "<group>"; };
		58A724A7290E10DD004F33E3 /* WeatherTableViewController.swift */ = {isa = PBXFileReference; lastKnownFileType = sourcecode.swift; path = WeatherTableViewController.swift; sourceTree = "<group>"; };
		58A724A9290E1A3E004F33E3 /* WeatherTableViewCell.swift */ = {isa = PBXFileReference; lastKnownFileType = sourcecode.swift; path = WeatherTableViewCell.swift; sourceTree = "<group>"; };
		58A724AC290E2918004F33E3 /* AppDIContainer.swift */ = {isa = PBXFileReference; lastKnownFileType = sourcecode.swift; path = AppDIContainer.swift; sourceTree = "<group>"; };
		58A724AE290E2940004F33E3 /* AppConfigurations.swift */ = {isa = PBXFileReference; lastKnownFileType = sourcecode.swift; path = AppConfigurations.swift; sourceTree = "<group>"; };
		58A724B0290E2AB9004F33E3 /* AppApperance.swift */ = {isa = PBXFileReference; lastKnownFileType = sourcecode.swift; path = AppApperance.swift; sourceTree = "<group>"; };
		58A724B2290E2B36004F33E3 /* AppFlowCoordinator.swift */ = {isa = PBXFileReference; lastKnownFileType = sourcecode.swift; path = AppFlowCoordinator.swift; sourceTree = "<group>"; };
		58A724B4290E3F2E004F33E3 /* WeatherSceneDIContainer.swift */ = {isa = PBXFileReference; lastKnownFileType = sourcecode.swift; path = WeatherSceneDIContainer.swift; sourceTree = "<group>"; };
		58A724B7290E43BF004F33E3 /* WeatherSearchFlowCoordinator.swift */ = {isa = PBXFileReference; lastKnownFileType = sourcecode.swift; path = WeatherSearchFlowCoordinator.swift; sourceTree = "<group>"; };
		58A724BA290E4646004F33E3 /* StoryboardInstantiable.swift */ = {isa = PBXFileReference; lastKnownFileType = sourcecode.swift; path = StoryboardInstantiable.swift; sourceTree = "<group>"; };
		58B3BA8328F46F48004BB094 /* BaseCleanMVVM.app */ = {isa = PBXFileReference; explicitFileType = wrapper.application; includeInIndex = 0; path = BaseCleanMVVM.app; sourceTree = BUILT_PRODUCTS_DIR; };
		58B3BA8628F46F48004BB094 /* AppDelegate.swift */ = {isa = PBXFileReference; lastKnownFileType = sourcecode.swift; path = AppDelegate.swift; sourceTree = "<group>"; };
		58B3BA8A28F46F48004BB094 /* HomeViewController.swift */ = {isa = PBXFileReference; lastKnownFileType = sourcecode.swift; path = HomeViewController.swift; sourceTree = "<group>"; };
		58B3BA8D28F46F48004BB094 /* Base */ = {isa = PBXFileReference; lastKnownFileType = file.storyboard; name = Base; path = Base.lproj/HomeViewController.storyboard; sourceTree = "<group>"; };
		58B3BA8F28F46F4A004BB094 /* Assets.xcassets */ = {isa = PBXFileReference; lastKnownFileType = folder.assetcatalog; path = Assets.xcassets; sourceTree = "<group>"; };
		58B3BA9228F46F4A004BB094 /* Base */ = {isa = PBXFileReference; lastKnownFileType = file.storyboard; name = Base; path = Base.lproj/LaunchScreen.storyboard; sourceTree = "<group>"; };
		58B3BA9928F46F4A004BB094 /* BaseCleanMVVMTests.xctest */ = {isa = PBXFileReference; explicitFileType = wrapper.cfbundle; includeInIndex = 0; path = BaseCleanMVVMTests.xctest; sourceTree = BUILT_PRODUCTS_DIR; };
		58B3BAA328F46F4A004BB094 /* BaseCleanMVVMUITests.xctest */ = {isa = PBXFileReference; explicitFileType = wrapper.cfbundle; includeInIndex = 0; path = BaseCleanMVVMUITests.xctest; sourceTree = BUILT_PRODUCTS_DIR; };
		58B3BAA728F46F4A004BB094 /* BaseCleanMVVMUITests.swift */ = {isa = PBXFileReference; lastKnownFileType = sourcecode.swift; path = BaseCleanMVVMUITests.swift; sourceTree = "<group>"; };
		58B3BAA928F46F4A004BB094 /* BaseCleanMVVMUITestsLaunchTests.swift */ = {isa = PBXFileReference; lastKnownFileType = sourcecode.swift; path = BaseCleanMVVMUITestsLaunchTests.swift; sourceTree = "<group>"; };
		58B4B2FE2914A59500440A20 /* FetchRecentWeatherQueriesUseCase.swift */ = {isa = PBXFileReference; lastKnownFileType = sourcecode.swift; path = FetchRecentWeatherQueriesUseCase.swift; sourceTree = "<group>"; };
		58B4B3002914A73800440A20 /* UseCase.swift */ = {isa = PBXFileReference; lastKnownFileType = sourcecode.swift; path = UseCase.swift; sourceTree = "<group>"; };
		58B4B3022914A7BC00440A20 /* ConnectionError.swift */ = {isa = PBXFileReference; lastKnownFileType = sourcecode.swift; path = ConnectionError.swift; sourceTree = "<group>"; };
		58B4B3062914A9D500440A20 /* NetworkConfig.swift */ = {isa = PBXFileReference; lastKnownFileType = sourcecode.swift; path = NetworkConfig.swift; sourceTree = "<group>"; };
		58B4B30B2914AAE600440A20 /* NetworkConfigurableMock.swift */ = {isa = PBXFileReference; lastKnownFileType = sourcecode.swift; path = NetworkConfigurableMock.swift; sourceTree = "<group>"; };
		58B4B30D2914AC0300440A20 /* DataTransferService.swift */ = {isa = PBXFileReference; lastKnownFileType = sourcecode.swift; path = DataTransferService.swift; sourceTree = "<group>"; };
		58B4B30F2914AC3700440A20 /* NetworkService.swift */ = {isa = PBXFileReference; lastKnownFileType = sourcecode.swift; path = NetworkService.swift; sourceTree = "<group>"; };
		58B4B3112914ACB900440A20 /* Endpoint.swift */ = {isa = PBXFileReference; lastKnownFileType = sourcecode.swift; path = Endpoint.swift; sourceTree = "<group>"; };
		58B4B3132914B13100440A20 /* NetworkSessionManagerMock.swift */ = {isa = PBXFileReference; lastKnownFileType = sourcecode.swift; path = NetworkSessionManagerMock.swift; sourceTree = "<group>"; };
		58B4B3152914B18D00440A20 /* NetworkServiceTests.swift */ = {isa = PBXFileReference; lastKnownFileType = sourcecode.swift; path = NetworkServiceTests.swift; sourceTree = "<group>"; };
		58B4B3172914B3A400440A20 /* DataTransferServiceTests.swift */ = {isa = PBXFileReference; lastKnownFileType = sourcecode.swift; path = DataTransferServiceTests.swift; sourceTree = "<group>"; };
		58B4B3192914BBBE00440A20 /* WeatherListItemViewModel.swift */ = {isa = PBXFileReference; lastKnownFileType = sourcecode.swift; path = WeatherListItemViewModel.swift; sourceTree = "<group>"; };
		58B4B31B2914BBC900440A20 /* WeatherListViewModel.swift */ = {isa = PBXFileReference; lastKnownFileType = sourcecode.swift; path = WeatherListViewModel.swift; sourceTree = "<group>"; };
		58B4B31D2914C0C000440A20 /* Observable.swift */ = {isa = PBXFileReference; lastKnownFileType = sourcecode.swift; path = Observable.swift; sourceTree = "<group>"; };
		58D90E4C2918248A00E8EF00 /* UIViewController+ActivityIndicator.swift */ = {isa = PBXFileReference; lastKnownFileType = sourcecode.swift; path = "UIViewController+ActivityIndicator.swift"; sourceTree = "<group>"; };
		58D90E4E291824C800E8EF00 /* UIViewController+AddChild.swift */ = {isa = PBXFileReference; lastKnownFileType = sourcecode.swift; path = "UIViewController+AddChild.swift"; sourceTree = "<group>"; };
		58D90E50291827B000E8EF00 /* Alertable.swift */ = {isa = PBXFileReference; lastKnownFileType = sourcecode.swift; path = Alertable.swift; sourceTree = "<group>"; };
		58D90E522918695300E8EF00 /* LoadingView.swift */ = {isa = PBXFileReference; lastKnownFileType = sourcecode.swift; path = LoadingView.swift; sourceTree = "<group>"; };
		58D90E5529186E6C00E8EF00 /* DefaultWeatherRepository.swift */ = {isa = PBXFileReference; lastKnownFileType = sourcecode.swift; path = DefaultWeatherRepository.swift; sourceTree = "<group>"; };
		58D90E5729186EF400E8EF00 /* RepositoryTask.swift */ = {isa = PBXFileReference; lastKnownFileType = sourcecode.swift; path = RepositoryTask.swift; sourceTree = "<group>"; };
		58D90E5929186F9300E8EF00 /* DefaultWeatherQueriesRepository.swift */ = {isa = PBXFileReference; lastKnownFileType = sourcecode.swift; path = DefaultWeatherQueriesRepository.swift; sourceTree = "<group>"; };
		58D90E5C2918811300E8EF00 /* SearchWeatherUseCaseTests.swift */ = {isa = PBXFileReference; lastKnownFileType = sourcecode.swift; path = SearchWeatherUseCaseTests.swift; sourceTree = "<group>"; };
		58D90E5F291881FE00E8EF00 /* Mock+Stub.swift */ = {isa = PBXFileReference; lastKnownFileType = sourcecode.swift; path = "Mock+Stub.swift"; sourceTree = "<group>"; };
		58D90E6229188D9600E8EF00 /* WeatherListViewModelTests.swift */ = {isa = PBXFileReference; lastKnownFileType = sourcecode.swift; path = WeatherListViewModelTests.swift; sourceTree = "<group>"; };
		58D90E642918921900E8EF00 /* WeatherQueriesListViewModelTests.swift */ = {isa = PBXFileReference; lastKnownFileType = sourcecode.swift; path = WeatherQueriesListViewModelTests.swift; sourceTree = "<group>"; };
		58D90E692918936B00E8EF00 /* WeatherQueriesItemCell.swift */ = {isa = PBXFileReference; lastKnownFileType = sourcecode.swift; path = WeatherQueriesItemCell.swift; sourceTree = "<group>"; };
		58D90E6B2918939600E8EF00 /* WeatherQueryListItemViewModel.swift */ = {isa = PBXFileReference; lastKnownFileType = sourcecode.swift; path = WeatherQueryListItemViewModel.swift; sourceTree = "<group>"; };
		58D90E6D291893C800E8EF00 /* WeatherQueryListViewModel.swift */ = {isa = PBXFileReference; lastKnownFileType = sourcecode.swift; path = WeatherQueryListViewModel.swift; sourceTree = "<group>"; };
		58D90E6F2918960800E8EF00 /* WeatherQueriesTableViewController.swift */ = {isa = PBXFileReference; lastKnownFileType = sourcecode.swift; path = WeatherQueriesTableViewController.swift; sourceTree = "<group>"; };
		58D90E712918962400E8EF00 /* WeatherQueriesTableViewController.storyboard */ = {isa = PBXFileReference; lastKnownFileType = file.storyboard; path = WeatherQueriesTableViewController.storyboard; sourceTree = "<group>"; };
/* End PBXFileReference section */

/* Begin PBXFrameworksBuildPhase section */
		58B3BA8028F46F48004BB094 /* Frameworks */ = {
			isa = PBXFrameworksBuildPhase;
			buildActionMask = 2147483647;
			files = (
			);
			runOnlyForDeploymentPostprocessing = 0;
		};
		58B3BA9628F46F4A004BB094 /* Frameworks */ = {
			isa = PBXFrameworksBuildPhase;
			buildActionMask = 2147483647;
			files = (
			);
			runOnlyForDeploymentPostprocessing = 0;
		};
		58B3BAA028F46F4A004BB094 /* Frameworks */ = {
			isa = PBXFrameworksBuildPhase;
			buildActionMask = 2147483647;
			files = (
			);
			runOnlyForDeploymentPostprocessing = 0;
		};
/* End PBXFrameworksBuildPhase section */

/* Begin PBXGroup section */
		584B15CB290EDF0200409910 /* Entities */ = {
			isa = PBXGroup;
			children = (
				584B15CC290EDF0F00409910 /* Weather.swift */,
				584B15D2290EE37E00409910 /* WeatherQuery.swift */,
			);
			path = Entities;
			sourceTree = "<group>";
		};
		584B15CE290EE2C600409910 /* UseCases */ = {
			isa = PBXGroup;
			children = (
				584B15D0290EE32800409910 /* SearchWeatherUseCase.swift */,
				58B4B2FE2914A59500440A20 /* FetchRecentWeatherQueriesUseCase.swift */,
				58B4B3002914A73800440A20 /* UseCase.swift */,
			);
			path = UseCases;
			sourceTree = "<group>";
		};
		584B15CF290EE2CC00409910 /* Repositories */ = {
			isa = PBXGroup;
			children = (
				584B15D7290EE4B800409910 /* WeatherRepository.swift */,
				584B15D9290EE53000409910 /* WeatherQueriesRepository.swift */,
			);
			path = Repositories;
			sourceTree = "<group>";
		};
		584B15D4290EE41700409910 /* Common */ = {
			isa = PBXGroup;
			children = (
				584B15D5290EE42500409910 /* Cancellable.swift */,
				58B4B3022914A7BC00440A20 /* ConnectionError.swift */,
			);
			path = Common;
			sourceTree = "<group>";
		};
		58830E1D290DC4E7005F070E /* Resources */ = {
			isa = PBXGroup;
			children = (
				58830E25290DC707005F070E /* Info.plist */,
				58B3BA8F28F46F4A004BB094 /* Assets.xcassets */,
				58B3BA9128F46F4A004BB094 /* LaunchScreen.storyboard */,
			);
			path = Resources;
			sourceTree = "<group>";
		};
		58830E1E290DC50B005F070E /* HomeView */ = {
			isa = PBXGroup;
			children = (
				58830E20290DC52D005F070E /* ViewModel */,
				58830E1F290DC526005F070E /* View */,
			);
			path = HomeView;
			sourceTree = "<group>";
		};
		58830E1F290DC526005F070E /* View */ = {
			isa = PBXGroup;
			children = (
				58B3BA8A28F46F48004BB094 /* HomeViewController.swift */,
				58B3BA8C28F46F48004BB094 /* HomeViewController.storyboard */,
				58A724A7290E10DD004F33E3 /* WeatherTableViewController.swift */,
				58A724A9290E1A3E004F33E3 /* WeatherTableViewCell.swift */,
			);
			path = View;
			sourceTree = "<group>";
		};
		58830E20290DC52D005F070E /* ViewModel */ = {
			isa = PBXGroup;
			children = (
				58B4B3192914BBBE00440A20 /* WeatherListItemViewModel.swift */,
				58B4B31B2914BBC900440A20 /* WeatherListViewModel.swift */,
			);
			path = ViewModel;
			sourceTree = "<group>";
		};
		58A724AB290E28E8004F33E3 /* DIContainer */ = {
			isa = PBXGroup;
			children = (
				58A724AC290E2918004F33E3 /* AppDIContainer.swift */,
				58A724B4290E3F2E004F33E3 /* WeatherSceneDIContainer.swift */,
			);
			path = DIContainer;
			sourceTree = "<group>";
		};
		58A724B6290E40AD004F33E3 /* Flows */ = {
			isa = PBXGroup;
			children = (
				58A724B7290E43BF004F33E3 /* WeatherSearchFlowCoordinator.swift */,
			);
			path = Flows;
			sourceTree = "<group>";
		};
		58A724B9290E4619004F33E3 /* Utils */ = {
			isa = PBXGroup;
			children = (
				58A724BA290E4646004F33E3 /* StoryboardInstantiable.swift */,
				58B4B31D2914C0C000440A20 /* Observable.swift */,
				58D90E50291827B000E8EF00 /* Alertable.swift */,
				58D90E522918695300E8EF00 /* LoadingView.swift */,
			);
			path = Utils;
			sourceTree = "<group>";
		};
		58B3BA7A28F46F48004BB094 = {
			isa = PBXGroup;
			children = (
				58B3BA8528F46F48004BB094 /* BaseCleanMVVM */,
				58B3BA9C28F46F4A004BB094 /* BaseCleanMVVMTests */,
				58B3BAA628F46F4A004BB094 /* BaseCleanMVVMUITests */,
				58B3BA8428F46F48004BB094 /* Products */,
			);
			sourceTree = "<group>";
		};
		58B3BA8428F46F48004BB094 /* Products */ = {
			isa = PBXGroup;
			children = (
				58B3BA8328F46F48004BB094 /* BaseCleanMVVM.app */,
				58B3BA9928F46F4A004BB094 /* BaseCleanMVVMTests.xctest */,
				58B3BAA328F46F4A004BB094 /* BaseCleanMVVMUITests.xctest */,
			);
			name = Products;
			sourceTree = "<group>";
		};
		58B3BA8528F46F48004BB094 /* BaseCleanMVVM */ = {
			isa = PBXGroup;
			children = (
				58B4B3042914A98400440A20 /* Infrastructure */,
				584B15D4290EE41700409910 /* Common */,
				58830E1D290DC4E7005F070E /* Resources */,
				58B3BAB928F470B6004BB094 /* Domain */,
				58B3BAB828F470AC004BB094 /* Data */,
				58B3BAB728F47032004BB094 /* Presentation */,
				58B3BAB628F46FB4004BB094 /* Application */,
			);
			path = BaseCleanMVVM;
			sourceTree = "<group>";
		};
		58B3BA9C28F46F4A004BB094 /* BaseCleanMVVMTests */ = {
			isa = PBXGroup;
			children = (
				58D90E6129188D5F00E8EF00 /* Presentation */,
				58D90E5E291881F300E8EF00 /* Mocks */,
				58D90E5B291880FF00E8EF00 /* Domain */,
				58B4B3082914AA1900440A20 /* Infrastructure */,
			);
			path = BaseCleanMVVMTests;
			sourceTree = "<group>";
		};
		58B3BAA628F46F4A004BB094 /* BaseCleanMVVMUITests */ = {
			isa = PBXGroup;
			children = (
				58B3BAA728F46F4A004BB094 /* BaseCleanMVVMUITests.swift */,
				58B3BAA928F46F4A004BB094 /* BaseCleanMVVMUITestsLaunchTests.swift */,
			);
			path = BaseCleanMVVMUITests;
			sourceTree = "<group>";
		};
		58B3BAB628F46FB4004BB094 /* Application */ = {
			isa = PBXGroup;
			children = (
				58A724AB290E28E8004F33E3 /* DIContainer */,
				58B3BA8628F46F48004BB094 /* AppDelegate.swift */,
				58A724AE290E2940004F33E3 /* AppConfigurations.swift */,
				58A724B0290E2AB9004F33E3 /* AppApperance.swift */,
				58A724B2290E2B36004F33E3 /* AppFlowCoordinator.swift */,
			);
			path = Application;
			sourceTree = "<group>";
		};
		58B3BAB728F47032004BB094 /* Presentation */ = {
			isa = PBXGroup;
			children = (
				58D90E662918931900E8EF00 /* WeatherQueriesList */,
				58D90E4B2918246B00E8EF00 /* Extensions */,
				58A724B9290E4619004F33E3 /* Utils */,
				58A724B6290E40AD004F33E3 /* Flows */,
				58830E1E290DC50B005F070E /* HomeView */,
			);
			path = Presentation;
			sourceTree = "<group>";
		};
		58B3BAB828F470AC004BB094 /* Data */ = {
			isa = PBXGroup;
			children = (
				58D90E5429186E5200E8EF00 /* Repositories */,
			);
			path = Data;
			sourceTree = "<group>";
		};
		58B3BAB928F470B6004BB094 /* Domain */ = {
			isa = PBXGroup;
			children = (
				584B15CF290EE2CC00409910 /* Repositories */,
				584B15CE290EE2C600409910 /* UseCases */,
				584B15CB290EDF0200409910 /* Entities */,
			);
			path = Domain;
			sourceTree = "<group>";
		};
		58B4B3042914A98400440A20 /* Infrastructure */ = {
			isa = PBXGroup;
			children = (
				58B4B3052914A9C200440A20 /* Network */,
			);
			path = Infrastructure;
			sourceTree = "<group>";
		};
		58B4B3052914A9C200440A20 /* Network */ = {
			isa = PBXGroup;
			children = (
				58B4B3062914A9D500440A20 /* NetworkConfig.swift */,
				58B4B30D2914AC0300440A20 /* DataTransferService.swift */,
				58B4B30F2914AC3700440A20 /* NetworkService.swift */,
				58B4B3112914ACB900440A20 /* Endpoint.swift */,
			);
			path = Network;
			sourceTree = "<group>";
		};
		58B4B3082914AA1900440A20 /* Infrastructure */ = {
			isa = PBXGroup;
			children = (
				58B4B3092914AA2500440A20 /* Network */,
			);
			path = Infrastructure;
			sourceTree = "<group>";
		};
		58B4B3092914AA2500440A20 /* Network */ = {
			isa = PBXGroup;
			children = (
				58B4B30A2914AACE00440A20 /* Mock */,
				58B4B3152914B18D00440A20 /* NetworkServiceTests.swift */,
				58B4B3172914B3A400440A20 /* DataTransferServiceTests.swift */,
			);
			path = Network;
			sourceTree = "<group>";
		};
		58B4B30A2914AACE00440A20 /* Mock */ = {
			isa = PBXGroup;
			children = (
				58B4B30B2914AAE600440A20 /* NetworkConfigurableMock.swift */,
				58B4B3132914B13100440A20 /* NetworkSessionManagerMock.swift */,
			);
			path = Mock;
			sourceTree = "<group>";
		};
		58D90E4B2918246B00E8EF00 /* Extensions */ = {
			isa = PBXGroup;
			children = (
				58D90E4C2918248A00E8EF00 /* UIViewController+ActivityIndicator.swift */,
				58D90E4E291824C800E8EF00 /* UIViewController+AddChild.swift */,
			);
			path = Extensions;
			sourceTree = "<group>";
		};
		58D90E5429186E5200E8EF00 /* Repositories */ = {
			isa = PBXGroup;
			children = (
				58D90E5529186E6C00E8EF00 /* DefaultWeatherRepository.swift */,
				58D90E5729186EF400E8EF00 /* RepositoryTask.swift */,
				58D90E5929186F9300E8EF00 /* DefaultWeatherQueriesRepository.swift */,
			);
			path = Repositories;
			sourceTree = "<group>";
		};
		58D90E5B291880FF00E8EF00 /* Domain */ = {
			isa = PBXGroup;
			children = (
				58D90E5C2918811300E8EF00 /* SearchWeatherUseCaseTests.swift */,
			);
			path = Domain;
			sourceTree = "<group>";
		};
		58D90E5E291881F300E8EF00 /* Mocks */ = {
			isa = PBXGroup;
			children = (
				58D90E5F291881FE00E8EF00 /* Mock+Stub.swift */,
			);
			path = Mocks;
			sourceTree = "<group>";
		};
		58D90E6129188D5F00E8EF00 /* Presentation */ = {
			isa = PBXGroup;
			children = (
				58D90E6229188D9600E8EF00 /* WeatherListViewModelTests.swift */,
				58D90E642918921900E8EF00 /* WeatherQueriesListViewModelTests.swift */,
			);
			path = Presentation;
			sourceTree = "<group>";
		};
		58D90E662918931900E8EF00 /* WeatherQueriesList */ = {
			isa = PBXGroup;
			children = (
				58D90E682918932B00E8EF00 /* ViewModel */,
				58D90E672918932700E8EF00 /* View */,
			);
			path = WeatherQueriesList;
			sourceTree = "<group>";
		};
		58D90E672918932700E8EF00 /* View */ = {
			isa = PBXGroup;
			children = (
				58D90E692918936B00E8EF00 /* WeatherQueriesItemCell.swift */,
				58D90E6F2918960800E8EF00 /* WeatherQueriesTableViewController.swift */,
				58D90E712918962400E8EF00 /* WeatherQueriesTableViewController.storyboard */,
			);
			path = View;
			sourceTree = "<group>";
		};
		58D90E682918932B00E8EF00 /* ViewModel */ = {
			isa = PBXGroup;
			children = (
				58D90E6B2918939600E8EF00 /* WeatherQueryListItemViewModel.swift */,
				58D90E6D291893C800E8EF00 /* WeatherQueryListViewModel.swift */,
			);
			path = ViewModel;
			sourceTree = "<group>";
		};
/* End PBXGroup section */

/* Begin PBXNativeTarget section */
		58B3BA8228F46F48004BB094 /* BaseCleanMVVM */ = {
			isa = PBXNativeTarget;
			buildConfigurationList = 58B3BAAD28F46F4A004BB094 /* Build configuration list for PBXNativeTarget "BaseCleanMVVM" */;
			buildPhases = (
				58B3BA7F28F46F48004BB094 /* Sources */,
				58B3BA8028F46F48004BB094 /* Frameworks */,
				58B3BA8128F46F48004BB094 /* Resources */,
			);
			buildRules = (
			);
			dependencies = (
			);
			name = BaseCleanMVVM;
			productName = BaseCleanMVVM;
			productReference = 58B3BA8328F46F48004BB094 /* BaseCleanMVVM.app */;
			productType = "com.apple.product-type.application";
		};
		58B3BA9828F46F4A004BB094 /* BaseCleanMVVMTests */ = {
			isa = PBXNativeTarget;
			buildConfigurationList = 58B3BAB028F46F4A004BB094 /* Build configuration list for PBXNativeTarget "BaseCleanMVVMTests" */;
			buildPhases = (
				58B3BA9528F46F4A004BB094 /* Sources */,
				58B3BA9628F46F4A004BB094 /* Frameworks */,
				58B3BA9728F46F4A004BB094 /* Resources */,
			);
			buildRules = (
			);
			dependencies = (
				58B3BA9B28F46F4A004BB094 /* PBXTargetDependency */,
			);
			name = BaseCleanMVVMTests;
			productName = BaseCleanMVVMTests;
			productReference = 58B3BA9928F46F4A004BB094 /* BaseCleanMVVMTests.xctest */;
			productType = "com.apple.product-type.bundle.unit-test";
		};
		58B3BAA228F46F4A004BB094 /* BaseCleanMVVMUITests */ = {
			isa = PBXNativeTarget;
			buildConfigurationList = 58B3BAB328F46F4A004BB094 /* Build configuration list for PBXNativeTarget "BaseCleanMVVMUITests" */;
			buildPhases = (
				58B3BA9F28F46F4A004BB094 /* Sources */,
				58B3BAA028F46F4A004BB094 /* Frameworks */,
				58B3BAA128F46F4A004BB094 /* Resources */,
			);
			buildRules = (
			);
			dependencies = (
				58B3BAA528F46F4A004BB094 /* PBXTargetDependency */,
			);
			name = BaseCleanMVVMUITests;
			productName = BaseCleanMVVMUITests;
			productReference = 58B3BAA328F46F4A004BB094 /* BaseCleanMVVMUITests.xctest */;
			productType = "com.apple.product-type.bundle.ui-testing";
		};
/* End PBXNativeTarget section */

/* Begin PBXProject section */
		58B3BA7B28F46F48004BB094 /* Project object */ = {
			isa = PBXProject;
			attributes = {
				BuildIndependentTargetsInParallel = 1;
				LastSwiftUpdateCheck = 1340;
				LastUpgradeCheck = 1340;
				TargetAttributes = {
					58B3BA8228F46F48004BB094 = {
						CreatedOnToolsVersion = 13.4.1;
					};
					58B3BA9828F46F4A004BB094 = {
						CreatedOnToolsVersion = 13.4.1;
						LastSwiftMigration = 1340;
						TestTargetID = 58B3BA8228F46F48004BB094;
					};
					58B3BAA228F46F4A004BB094 = {
						CreatedOnToolsVersion = 13.4.1;
						TestTargetID = 58B3BA8228F46F48004BB094;
					};
				};
			};
			buildConfigurationList = 58B3BA7E28F46F48004BB094 /* Build configuration list for PBXProject "BaseCleanMVVM" */;
			compatibilityVersion = "Xcode 13.0";
			developmentRegion = en;
			hasScannedForEncodings = 0;
			knownRegions = (
				en,
				Base,
			);
			mainGroup = 58B3BA7A28F46F48004BB094;
			productRefGroup = 58B3BA8428F46F48004BB094 /* Products */;
			projectDirPath = "";
			projectRoot = "";
			targets = (
				58B3BA8228F46F48004BB094 /* BaseCleanMVVM */,
				58B3BA9828F46F4A004BB094 /* BaseCleanMVVMTests */,
				58B3BAA228F46F4A004BB094 /* BaseCleanMVVMUITests */,
			);
		};
/* End PBXProject section */

/* Begin PBXResourcesBuildPhase section */
		58B3BA8128F46F48004BB094 /* Resources */ = {
			isa = PBXResourcesBuildPhase;
			buildActionMask = 2147483647;
			files = (
				58D90E722918962400E8EF00 /* WeatherQueriesTableViewController.storyboard in Resources */,
				58B3BA9328F46F4A004BB094 /* LaunchScreen.storyboard in Resources */,
				58B3BA9028F46F4A004BB094 /* Assets.xcassets in Resources */,
				58B3BA8E28F46F48004BB094 /* HomeViewController.storyboard in Resources */,
			);
			runOnlyForDeploymentPostprocessing = 0;
		};
		58B3BA9728F46F4A004BB094 /* Resources */ = {
			isa = PBXResourcesBuildPhase;
			buildActionMask = 2147483647;
			files = (
			);
			runOnlyForDeploymentPostprocessing = 0;
		};
		58B3BAA128F46F4A004BB094 /* Resources */ = {
			isa = PBXResourcesBuildPhase;
			buildActionMask = 2147483647;
			files = (
			);
			runOnlyForDeploymentPostprocessing = 0;
		};
/* End PBXResourcesBuildPhase section */

/* Begin PBXSourcesBuildPhase section */
		58B3BA7F28F46F48004BB094 /* Sources */ = {
			isa = PBXSourcesBuildPhase;
			buildActionMask = 2147483647;
			files = (
				584B15D6290EE42500409910 /* Cancellable.swift in Sources */,
				58A724B3290E2B36004F33E3 /* AppFlowCoordinator.swift in Sources */,
				58B4B3102914AC3700440A20 /* NetworkService.swift in Sources */,
				584B15D8290EE4B800409910 /* WeatherRepository.swift in Sources */,
				584B15D3290EE37E00409910 /* WeatherQuery.swift in Sources */,
				58A724B8290E43BF004F33E3 /* WeatherSearchFlowCoordinator.swift in Sources */,
				58A724AA290E1A3E004F33E3 /* WeatherTableViewCell.swift in Sources */,
				58B3BA8B28F46F48004BB094 /* HomeViewController.swift in Sources */,
				584B15CD290EDF0F00409910 /* Weather.swift in Sources */,
				58D90E6A2918936B00E8EF00 /* WeatherQueriesItemCell.swift in Sources */,
				58D90E5A29186F9300E8EF00 /* DefaultWeatherQueriesRepository.swift in Sources */,
				58D90E6C2918939600E8EF00 /* WeatherQueryListItemViewModel.swift in Sources */,
				58B4B3012914A73800440A20 /* UseCase.swift in Sources */,
				58B4B3122914ACB900440A20 /* Endpoint.swift in Sources */,
				58B4B31C2914BBC900440A20 /* WeatherListViewModel.swift in Sources */,
				584B15DA290EE53000409910 /* WeatherQueriesRepository.swift in Sources */,
				58B4B31E2914C0C000440A20 /* Observable.swift in Sources */,
				58A724B5290E3F2E004F33E3 /* WeatherSceneDIContainer.swift in Sources */,
				58A724AD290E2918004F33E3 /* AppDIContainer.swift in Sources */,
				58D90E5629186E6C00E8EF00 /* DefaultWeatherRepository.swift in Sources */,
				58A724A8290E10DD004F33E3 /* WeatherTableViewController.swift in Sources */,
				58D90E4D2918248A00E8EF00 /* UIViewController+ActivityIndicator.swift in Sources */,
				584B15D1290EE32800409910 /* SearchWeatherUseCase.swift in Sources */,
				58B4B31A2914BBBE00440A20 /* WeatherListItemViewModel.swift in Sources */,
				58B4B3072914A9D500440A20 /* NetworkConfig.swift in Sources */,
				58D90E4F291824C800E8EF00 /* UIViewController+AddChild.swift in Sources */,
				58A724B1290E2AB9004F33E3 /* AppApperance.swift in Sources */,
				58A724BB290E4646004F33E3 /* StoryboardInstantiable.swift in Sources */,
				58D90E51291827B000E8EF00 /* Alertable.swift in Sources */,
				58D90E702918960800E8EF00 /* WeatherQueriesTableViewController.swift in Sources */,
				58B4B2FF2914A59500440A20 /* FetchRecentWeatherQueriesUseCase.swift in Sources */,
				58B4B30E2914AC0300440A20 /* DataTransferService.swift in Sources */,
				58A724AF290E2940004F33E3 /* AppConfigurations.swift in Sources */,
				58D90E5829186EF400E8EF00 /* RepositoryTask.swift in Sources */,
				58B4B3032914A7BC00440A20 /* ConnectionError.swift in Sources */,
				58D90E532918695300E8EF00 /* LoadingView.swift in Sources */,
				58D90E6E291893C800E8EF00 /* WeatherQueryListViewModel.swift in Sources */,
				58B3BA8728F46F48004BB094 /* AppDelegate.swift in Sources */,
			);
			runOnlyForDeploymentPostprocessing = 0;
		};
		58B3BA9528F46F4A004BB094 /* Sources */ = {
			isa = PBXSourcesBuildPhase;
			buildActionMask = 2147483647;
			files = (
				58B4B3182914B3A400440A20 /* DataTransferServiceTests.swift in Sources */,
				58D90E6329188D9600E8EF00 /* WeatherListViewModelTests.swift in Sources */,
				58D90E652918921900E8EF00 /* WeatherQueriesListViewModelTests.swift in Sources */,
				58D90E60291881FE00E8EF00 /* Mock+Stub.swift in Sources */,
				58D90E5D2918811300E8EF00 /* SearchWeatherUseCaseTests.swift in Sources */,
				58B4B30C2914AAE600440A20 /* NetworkConfigurableMock.swift in Sources */,
				58B4B3162914B18D00440A20 /* NetworkServiceTests.swift in Sources */,
				58B4B3142914B13100440A20 /* NetworkSessionManagerMock.swift in Sources */,
			);
			runOnlyForDeploymentPostprocessing = 0;
		};
		58B3BA9F28F46F4A004BB094 /* Sources */ = {
			isa = PBXSourcesBuildPhase;
			buildActionMask = 2147483647;
			files = (
				58B3BAA828F46F4A004BB094 /* BaseCleanMVVMUITests.swift in Sources */,
				58B3BAAA28F46F4A004BB094 /* BaseCleanMVVMUITestsLaunchTests.swift in Sources */,
			);
			runOnlyForDeploymentPostprocessing = 0;
		};
/* End PBXSourcesBuildPhase section */

/* Begin PBXTargetDependency section */
		58B3BA9B28F46F4A004BB094 /* PBXTargetDependency */ = {
			isa = PBXTargetDependency;
			target = 58B3BA8228F46F48004BB094 /* BaseCleanMVVM */;
			targetProxy = 58B3BA9A28F46F4A004BB094 /* PBXContainerItemProxy */;
		};
		58B3BAA528F46F4A004BB094 /* PBXTargetDependency */ = {
			isa = PBXTargetDependency;
			target = 58B3BA8228F46F48004BB094 /* BaseCleanMVVM */;
			targetProxy = 58B3BAA428F46F4A004BB094 /* PBXContainerItemProxy */;
		};
/* End PBXTargetDependency section */

/* Begin PBXVariantGroup section */
		58B3BA8C28F46F48004BB094 /* HomeViewController.storyboard */ = {
			isa = PBXVariantGroup;
			children = (
				58B3BA8D28F46F48004BB094 /* Base */,
			);
			name = HomeViewController.storyboard;
			sourceTree = "<group>";
		};
		58B3BA9128F46F4A004BB094 /* LaunchScreen.storyboard */ = {
			isa = PBXVariantGroup;
			children = (
				58B3BA9228F46F4A004BB094 /* Base */,
			);
			name = LaunchScreen.storyboard;
			sourceTree = "<group>";
		};
/* End PBXVariantGroup section */

/* Begin XCBuildConfiguration section */
		58B3BAAB28F46F4A004BB094 /* Debug */ = {
			isa = XCBuildConfiguration;
			buildSettings = {
				ALWAYS_SEARCH_USER_PATHS = NO;
				CLANG_ANALYZER_NONNULL = YES;
				CLANG_ANALYZER_NUMBER_OBJECT_CONVERSION = YES_AGGRESSIVE;
				CLANG_CXX_LANGUAGE_STANDARD = "gnu++17";
				CLANG_ENABLE_MODULES = YES;
				CLANG_ENABLE_OBJC_ARC = YES;
				CLANG_ENABLE_OBJC_WEAK = YES;
				CLANG_WARN_BLOCK_CAPTURE_AUTORELEASING = YES;
				CLANG_WARN_BOOL_CONVERSION = YES;
				CLANG_WARN_COMMA = YES;
				CLANG_WARN_CONSTANT_CONVERSION = YES;
				CLANG_WARN_DEPRECATED_OBJC_IMPLEMENTATIONS = YES;
				CLANG_WARN_DIRECT_OBJC_ISA_USAGE = YES_ERROR;
				CLANG_WARN_DOCUMENTATION_COMMENTS = YES;
				CLANG_WARN_EMPTY_BODY = YES;
				CLANG_WARN_ENUM_CONVERSION = YES;
				CLANG_WARN_INFINITE_RECURSION = YES;
				CLANG_WARN_INT_CONVERSION = YES;
				CLANG_WARN_NON_LITERAL_NULL_CONVERSION = YES;
				CLANG_WARN_OBJC_IMPLICIT_RETAIN_SELF = YES;
				CLANG_WARN_OBJC_LITERAL_CONVERSION = YES;
				CLANG_WARN_OBJC_ROOT_CLASS = YES_ERROR;
				CLANG_WARN_QUOTED_INCLUDE_IN_FRAMEWORK_HEADER = YES;
				CLANG_WARN_RANGE_LOOP_ANALYSIS = YES;
				CLANG_WARN_STRICT_PROTOTYPES = YES;
				CLANG_WARN_SUSPICIOUS_MOVE = YES;
				CLANG_WARN_UNGUARDED_AVAILABILITY = YES_AGGRESSIVE;
				CLANG_WARN_UNREACHABLE_CODE = YES;
				CLANG_WARN__DUPLICATE_METHOD_MATCH = YES;
				COPY_PHASE_STRIP = NO;
				DEBUG_INFORMATION_FORMAT = dwarf;
				ENABLE_STRICT_OBJC_MSGSEND = YES;
				ENABLE_TESTABILITY = YES;
				GCC_C_LANGUAGE_STANDARD = gnu11;
				GCC_DYNAMIC_NO_PIC = NO;
				GCC_NO_COMMON_BLOCKS = YES;
				GCC_OPTIMIZATION_LEVEL = 0;
				GCC_PREPROCESSOR_DEFINITIONS = (
					"DEBUG=1",
					"$(inherited)",
				);
				GCC_WARN_64_TO_32_BIT_CONVERSION = YES;
				GCC_WARN_ABOUT_RETURN_TYPE = YES_ERROR;
				GCC_WARN_UNDECLARED_SELECTOR = YES;
				GCC_WARN_UNINITIALIZED_AUTOS = YES_AGGRESSIVE;
				GCC_WARN_UNUSED_FUNCTION = YES;
				GCC_WARN_UNUSED_VARIABLE = YES;
				IPHONEOS_DEPLOYMENT_TARGET = 13.0;
				MTL_ENABLE_DEBUG_INFO = INCLUDE_SOURCE;
				MTL_FAST_MATH = YES;
				ONLY_ACTIVE_ARCH = YES;
				SDKROOT = iphoneos;
				SWIFT_ACTIVE_COMPILATION_CONDITIONS = DEBUG;
				SWIFT_OPTIMIZATION_LEVEL = "-Onone";
			};
			name = Debug;
		};
		58B3BAAC28F46F4A004BB094 /* Release */ = {
			isa = XCBuildConfiguration;
			buildSettings = {
				ALWAYS_SEARCH_USER_PATHS = NO;
				CLANG_ANALYZER_NONNULL = YES;
				CLANG_ANALYZER_NUMBER_OBJECT_CONVERSION = YES_AGGRESSIVE;
				CLANG_CXX_LANGUAGE_STANDARD = "gnu++17";
				CLANG_ENABLE_MODULES = YES;
				CLANG_ENABLE_OBJC_ARC = YES;
				CLANG_ENABLE_OBJC_WEAK = YES;
				CLANG_WARN_BLOCK_CAPTURE_AUTORELEASING = YES;
				CLANG_WARN_BOOL_CONVERSION = YES;
				CLANG_WARN_COMMA = YES;
				CLANG_WARN_CONSTANT_CONVERSION = YES;
				CLANG_WARN_DEPRECATED_OBJC_IMPLEMENTATIONS = YES;
				CLANG_WARN_DIRECT_OBJC_ISA_USAGE = YES_ERROR;
				CLANG_WARN_DOCUMENTATION_COMMENTS = YES;
				CLANG_WARN_EMPTY_BODY = YES;
				CLANG_WARN_ENUM_CONVERSION = YES;
				CLANG_WARN_INFINITE_RECURSION = YES;
				CLANG_WARN_INT_CONVERSION = YES;
				CLANG_WARN_NON_LITERAL_NULL_CONVERSION = YES;
				CLANG_WARN_OBJC_IMPLICIT_RETAIN_SELF = YES;
				CLANG_WARN_OBJC_LITERAL_CONVERSION = YES;
				CLANG_WARN_OBJC_ROOT_CLASS = YES_ERROR;
				CLANG_WARN_QUOTED_INCLUDE_IN_FRAMEWORK_HEADER = YES;
				CLANG_WARN_RANGE_LOOP_ANALYSIS = YES;
				CLANG_WARN_STRICT_PROTOTYPES = YES;
				CLANG_WARN_SUSPICIOUS_MOVE = YES;
				CLANG_WARN_UNGUARDED_AVAILABILITY = YES_AGGRESSIVE;
				CLANG_WARN_UNREACHABLE_CODE = YES;
				CLANG_WARN__DUPLICATE_METHOD_MATCH = YES;
				COPY_PHASE_STRIP = NO;
				DEBUG_INFORMATION_FORMAT = "dwarf-with-dsym";
				ENABLE_NS_ASSERTIONS = NO;
				ENABLE_STRICT_OBJC_MSGSEND = YES;
				GCC_C_LANGUAGE_STANDARD = gnu11;
				GCC_NO_COMMON_BLOCKS = YES;
				GCC_WARN_64_TO_32_BIT_CONVERSION = YES;
				GCC_WARN_ABOUT_RETURN_TYPE = YES_ERROR;
				GCC_WARN_UNDECLARED_SELECTOR = YES;
				GCC_WARN_UNINITIALIZED_AUTOS = YES_AGGRESSIVE;
				GCC_WARN_UNUSED_FUNCTION = YES;
				GCC_WARN_UNUSED_VARIABLE = YES;
				IPHONEOS_DEPLOYMENT_TARGET = 13.0;
				MTL_ENABLE_DEBUG_INFO = NO;
				MTL_FAST_MATH = YES;
				SDKROOT = iphoneos;
				SWIFT_COMPILATION_MODE = wholemodule;
				SWIFT_OPTIMIZATION_LEVEL = "-O";
				VALIDATE_PRODUCT = YES;
			};
			name = Release;
		};
		58B3BAAE28F46F4A004BB094 /* Debug */ = {
			isa = XCBuildConfiguration;
			buildSettings = {
				ASSETCATALOG_COMPILER_APPICON_NAME = AppIcon;
				ASSETCATALOG_COMPILER_GLOBAL_ACCENT_COLOR_NAME = AccentColor;
				CODE_SIGN_STYLE = Automatic;
				CURRENT_PROJECT_VERSION = 1;
				DEVELOPMENT_TEAM = 9JSRL669P2;
				GENERATE_INFOPLIST_FILE = YES;
				INFOPLIST_FILE = BaseCleanMVVM/Resources/Info.plist;
				INFOPLIST_KEY_UIApplicationSupportsIndirectInputEvents = YES;
				INFOPLIST_KEY_UILaunchStoryboardName = LaunchScreen;
				INFOPLIST_KEY_UIMainStoryboardFile = HomeViewController;
				INFOPLIST_KEY_UISupportedInterfaceOrientations_iPad = "UIInterfaceOrientationPortrait UIInterfaceOrientationPortraitUpsideDown UIInterfaceOrientationLandscapeLeft UIInterfaceOrientationLandscapeRight";
				INFOPLIST_KEY_UISupportedInterfaceOrientations_iPhone = "UIInterfaceOrientationPortrait UIInterfaceOrientationLandscapeLeft UIInterfaceOrientationLandscapeRight";
				LD_RUNPATH_SEARCH_PATHS = (
					"$(inherited)",
					"@executable_path/Frameworks",
				);
				MARKETING_VERSION = 1.0;
				PRODUCT_BUNDLE_IDENTIFIER = ata.studio.vn.BaseCleanMVVM;
				PRODUCT_NAME = "$(TARGET_NAME)";
				SWIFT_EMIT_LOC_STRINGS = YES;
				SWIFT_VERSION = 5.0;
				TARGETED_DEVICE_FAMILY = "1,2";
			};
			name = Debug;
		};
		58B3BAAF28F46F4A004BB094 /* Release */ = {
			isa = XCBuildConfiguration;
			buildSettings = {
				ASSETCATALOG_COMPILER_APPICON_NAME = AppIcon;
				ASSETCATALOG_COMPILER_GLOBAL_ACCENT_COLOR_NAME = AccentColor;
				CODE_SIGN_STYLE = Automatic;
				CURRENT_PROJECT_VERSION = 1;
				DEVELOPMENT_TEAM = 9JSRL669P2;
				GENERATE_INFOPLIST_FILE = YES;
				INFOPLIST_FILE = BaseCleanMVVM/Resources/Info.plist;
				INFOPLIST_KEY_UIApplicationSupportsIndirectInputEvents = YES;
				INFOPLIST_KEY_UILaunchStoryboardName = LaunchScreen;
				INFOPLIST_KEY_UIMainStoryboardFile = HomeViewController;
				INFOPLIST_KEY_UISupportedInterfaceOrientations_iPad = "UIInterfaceOrientationPortrait UIInterfaceOrientationPortraitUpsideDown UIInterfaceOrientationLandscapeLeft UIInterfaceOrientationLandscapeRight";
				INFOPLIST_KEY_UISupportedInterfaceOrientations_iPhone = "UIInterfaceOrientationPortrait UIInterfaceOrientationLandscapeLeft UIInterfaceOrientationLandscapeRight";
				LD_RUNPATH_SEARCH_PATHS = (
					"$(inherited)",
					"@executable_path/Frameworks",
				);
				MARKETING_VERSION = 1.0;
				PRODUCT_BUNDLE_IDENTIFIER = ata.studio.vn.BaseCleanMVVM;
				PRODUCT_NAME = "$(TARGET_NAME)";
				SWIFT_EMIT_LOC_STRINGS = YES;
				SWIFT_VERSION = 5.0;
				TARGETED_DEVICE_FAMILY = "1,2";
			};
			name = Release;
		};
		58B3BAB128F46F4A004BB094 /* Debug */ = {
			isa = XCBuildConfiguration;
			buildSettings = {
				ALWAYS_EMBED_SWIFT_STANDARD_LIBRARIES = YES;
				BUNDLE_LOADER = "$(TEST_HOST)";
				CLANG_ENABLE_MODULES = YES;
				CODE_SIGN_STYLE = Automatic;
				CURRENT_PROJECT_VERSION = 1;
				DEVELOPMENT_TEAM = 9JSRL669P2;
				GENERATE_INFOPLIST_FILE = YES;
				IPHONEOS_DEPLOYMENT_TARGET = 13.0;
				LD_RUNPATH_SEARCH_PATHS = (
					"$(inherited)",
					"@executable_path/Frameworks",
					"@loader_path/Frameworks",
				);
				MARKETING_VERSION = 1.0;
				PRODUCT_BUNDLE_IDENTIFIER = ata.studio.vn.BaseCleanMVVMTests;
				PRODUCT_NAME = "$(TARGET_NAME)";
				SWIFT_EMIT_LOC_STRINGS = NO;
				SWIFT_OPTIMIZATION_LEVEL = "-Onone";
				SWIFT_VERSION = 5.0;
				TARGETED_DEVICE_FAMILY = "1,2";
				TEST_HOST = "$(BUILT_PRODUCTS_DIR)/BaseCleanMVVM.app/BaseCleanMVVM";
			};
			name = Debug;
		};
		58B3BAB228F46F4A004BB094 /* Release */ = {
			isa = XCBuildConfiguration;
			buildSettings = {
				ALWAYS_EMBED_SWIFT_STANDARD_LIBRARIES = YES;
				BUNDLE_LOADER = "$(TEST_HOST)";
				CLANG_ENABLE_MODULES = YES;
				CODE_SIGN_STYLE = Automatic;
				CURRENT_PROJECT_VERSION = 1;
				DEVELOPMENT_TEAM = 9JSRL669P2;
				GENERATE_INFOPLIST_FILE = YES;
				IPHONEOS_DEPLOYMENT_TARGET = 13.0;
				LD_RUNPATH_SEARCH_PATHS = (
					"$(inherited)",
					"@executable_path/Frameworks",
					"@loader_path/Frameworks",
				);
				MARKETING_VERSION = 1.0;
				PRODUCT_BUNDLE_IDENTIFIER = ata.studio.vn.BaseCleanMVVMTests;
				PRODUCT_NAME = "$(TARGET_NAME)";
				SWIFT_EMIT_LOC_STRINGS = NO;
				SWIFT_VERSION = 5.0;
				TARGETED_DEVICE_FAMILY = "1,2";
				TEST_HOST = "$(BUILT_PRODUCTS_DIR)/BaseCleanMVVM.app/BaseCleanMVVM";
			};
			name = Release;
		};
		58B3BAB428F46F4A004BB094 /* Debug */ = {
			isa = XCBuildConfiguration;
			buildSettings = {
				ALWAYS_EMBED_SWIFT_STANDARD_LIBRARIES = YES;
				CODE_SIGN_STYLE = Automatic;
				CURRENT_PROJECT_VERSION = 1;
				DEVELOPMENT_TEAM = 9JSRL669P2;
				GENERATE_INFOPLIST_FILE = YES;
				MARKETING_VERSION = 1.0;
				PRODUCT_BUNDLE_IDENTIFIER = ata.studio.vn.BaseCleanMVVMUITests;
				PRODUCT_NAME = "$(TARGET_NAME)";
				SWIFT_EMIT_LOC_STRINGS = NO;
				SWIFT_VERSION = 5.0;
				TARGETED_DEVICE_FAMILY = "1,2";
				TEST_TARGET_NAME = BaseCleanMVVM;
			};
			name = Debug;
		};
		58B3BAB528F46F4A004BB094 /* Release */ = {
			isa = XCBuildConfiguration;
			buildSettings = {
				ALWAYS_EMBED_SWIFT_STANDARD_LIBRARIES = YES;
				CODE_SIGN_STYLE = Automatic;
				CURRENT_PROJECT_VERSION = 1;
				DEVELOPMENT_TEAM = 9JSRL669P2;
				GENERATE_INFOPLIST_FILE = YES;
				MARKETING_VERSION = 1.0;
				PRODUCT_BUNDLE_IDENTIFIER = ata.studio.vn.BaseCleanMVVMUITests;
				PRODUCT_NAME = "$(TARGET_NAME)";
				SWIFT_EMIT_LOC_STRINGS = NO;
				SWIFT_VERSION = 5.0;
				TARGETED_DEVICE_FAMILY = "1,2";
				TEST_TARGET_NAME = BaseCleanMVVM;
			};
			name = Release;
		};
/* End XCBuildConfiguration section */

/* Begin XCConfigurationList section */
		58B3BA7E28F46F48004BB094 /* Build configuration list for PBXProject "BaseCleanMVVM" */ = {
			isa = XCConfigurationList;
			buildConfigurations = (
				58B3BAAB28F46F4A004BB094 /* Debug */,
				58B3BAAC28F46F4A004BB094 /* Release */,
			);
			defaultConfigurationIsVisible = 0;
			defaultConfigurationName = Release;
		};
		58B3BAAD28F46F4A004BB094 /* Build configuration list for PBXNativeTarget "BaseCleanMVVM" */ = {
			isa = XCConfigurationList;
			buildConfigurations = (
				58B3BAAE28F46F4A004BB094 /* Debug */,
				58B3BAAF28F46F4A004BB094 /* Release */,
			);
			defaultConfigurationIsVisible = 0;
			defaultConfigurationName = Release;
		};
		58B3BAB028F46F4A004BB094 /* Build configuration list for PBXNativeTarget "BaseCleanMVVMTests" */ = {
			isa = XCConfigurationList;
			buildConfigurations = (
				58B3BAB128F46F4A004BB094 /* Debug */,
				58B3BAB228F46F4A004BB094 /* Release */,
			);
			defaultConfigurationIsVisible = 0;
			defaultConfigurationName = Release;
		};
		58B3BAB328F46F4A004BB094 /* Build configuration list for PBXNativeTarget "BaseCleanMVVMUITests" */ = {
			isa = XCConfigurationList;
			buildConfigurations = (
				58B3BAB428F46F4A004BB094 /* Debug */,
				58B3BAB528F46F4A004BB094 /* Release */,
			);
			defaultConfigurationIsVisible = 0;
			defaultConfigurationName = Release;
		};
/* End XCConfigurationList section */
	};
	rootObject = 58B3BA7B28F46F48004BB094 /* Project object */;
}
